
Microsoft Visual Studio Solution File, Format Version 12.00
Project("{FAE04EC0-301F-11D3-BF4B-00C04F79EFBC}") = "DoAn", "DoAn\DoAn.csproj", "{67D63F6E-F054-4191-9384-E621A6C04104}"
EndProject
Global
	GlobalSection(SolutionConfigurationPlatforms) = preSolution
		Debug|Any CPU = Debug|Any CPU
		Release|Any CPU = Release|Any CPU
	EndGlobalSection
	GlobalSection(ProjectConfigurationPlatforms) = postSolution
		{67D63F6E-F054-4191-9384-E621A6C04104}.Debug|Any CPU.ActiveCfg = Debug|Any CPU
		{67D63F6E-F054-4191-9384-E621A6C04104}.Debug|Any CPU.Build.0 = Debug|Any CPU
		{67D63F6E-F054-4191-9384-E621A6C04104}.Release|Any CPU.ActiveCfg = Release|Any CPU
		{67D63F6E-F054-4191-9384-E621A6C04104}.Release|Any CPU.Build.0 = Release|Any CPU
	EndGlobalSection
EndGlobal
